
Microsoft Visual Studio Solution File, Format Version 12.00
# Visual Studio 15
VisualStudioVersion = 15.0.28307.329
MinimumVisualStudioVersion = 10.0.40219.1
Project("{FAE04EC0-301F-11D3-BF4B-00C04F79EFBC}") = "DslStateMachine", "ConsoleApp1\DslStateMachine.csproj", "{3A97D6D8-C2A5-4083-8F04-853274F899E3}"
EndProject
Global
	GlobalSection(SolutionConfigurationPlatforms) = preSolution
		Debug|Any CPU = Debug|Any CPU
		Release|Any CPU = Release|Any CPU
	EndGlobalSection
	GlobalSection(ProjectConfigurationPlatforms) = postSolution
		{3A97D6D8-C2A5-4083-8F04-853274F899E3}.Debug|Any CPU.ActiveCfg = Debug|Any CPU
		{3A97D6D8-C2A5-4083-8F04-853274F899E3}.Debug|Any CPU.Build.0 = Debug|Any CPU
		{3A97D6D8-C2A5-4083-8F04-853274F899E3}.Release|Any CPU.ActiveCfg = Release|Any CPU
		{3A97D6D8-C2A5-4083-8F04-853274F899E3}.Release|Any CPU.Build.0 = Release|Any CPU
	EndGlobalSection
	GlobalSection(SolutionProperties) = preSolution
		HideSolutionNode = FALSE
	EndGlobalSection
	GlobalSection(ExtensibilityGlobals) = postSolution
		SolutionGuid = {4BA4AE00-C167-40D4-960D-CCC163DEAB80}
	EndGlobalSection
EndGlobal
